
Microsoft Visual Studio Solution File, Format Version 12.00
# Visual Studio 15
Project("{FAE04EC0-301F-11D3-BF4B-00C04F79EFBC}") = "Scholar", "Scholar.csproj", "{0EAF4247-6579-1E14-5DB5-421605D812E9}"
EndProject
Project("{FAE04EC0-301F-11D3-BF4B-00C04F79EFBC}") = "Scholar.Plugins", "Scholar.Plugins.csproj", "{2271096D-9525-D687-E6D1-7D809B21F43D}"
EndProject
Project("{FAE04EC0-301F-11D3-BF4B-00C04F79EFBC}") = "Scholar.Editor.Plugins", "Scholar.Editor.Plugins.csproj", "{8CEF3C35-2D19-DB8D-32CE-6302E9EA5D71}"
EndProject
Project("{FAE04EC0-301F-11D3-BF4B-00C04F79EFBC}") = "Scholar.Editor", "Scholar.Editor.csproj", "{C94EA798-2353-A385-A791-553202B9B443}"
EndProject
Global
	GlobalSection(SolutionConfigurationPlatforms) = preSolution
		Debug|Any CPU = Debug|Any CPU
		Release|Any CPU = Release|Any CPU
	EndGlobalSection
	GlobalSection(ProjectConfigurationPlatforms) = postSolution
		{0EAF4247-6579-1E14-5DB5-421605D812E9}.Debug|Any CPU.ActiveCfg = Debug|Any CPU
		{0EAF4247-6579-1E14-5DB5-421605D812E9}.Debug|Any CPU.Build.0 = Debug|Any CPU
		{0EAF4247-6579-1E14-5DB5-421605D812E9}.Release|Any CPU.ActiveCfg = Release|Any CPU
		{0EAF4247-6579-1E14-5DB5-421605D812E9}.Release|Any CPU.Build.0 = Release|Any CPU
		{2271096D-9525-D687-E6D1-7D809B21F43D}.Debug|Any CPU.ActiveCfg = Debug|Any CPU
		{2271096D-9525-D687-E6D1-7D809B21F43D}.Debug|Any CPU.Build.0 = Debug|Any CPU
		{2271096D-9525-D687-E6D1-7D809B21F43D}.Release|Any CPU.ActiveCfg = Release|Any CPU
		{2271096D-9525-D687-E6D1-7D809B21F43D}.Release|Any CPU.Build.0 = Release|Any CPU
		{8CEF3C35-2D19-DB8D-32CE-6302E9EA5D71}.Debug|Any CPU.ActiveCfg = Debug|Any CPU
		{8CEF3C35-2D19-DB8D-32CE-6302E9EA5D71}.Debug|Any CPU.Build.0 = Debug|Any CPU
		{8CEF3C35-2D19-DB8D-32CE-6302E9EA5D71}.Release|Any CPU.ActiveCfg = Release|Any CPU
		{8CEF3C35-2D19-DB8D-32CE-6302E9EA5D71}.Release|Any CPU.Build.0 = Release|Any CPU
		{C94EA798-2353-A385-A791-553202B9B443}.Debug|Any CPU.ActiveCfg = Debug|Any CPU
		{C94EA798-2353-A385-A791-553202B9B443}.Debug|Any CPU.Build.0 = Debug|Any CPU
		{C94EA798-2353-A385-A791-553202B9B443}.Release|Any CPU.ActiveCfg = Release|Any CPU
		{C94EA798-2353-A385-A791-553202B9B443}.Release|Any CPU.Build.0 = Release|Any CPU
	EndGlobalSection
	GlobalSection(SolutionProperties) = preSolution
		HideSolutionNode = FALSE
	EndGlobalSection
EndGlobal
